
Microsoft Visual Studio Solution File, Format Version 12.00
# Visual Studio Version 17
VisualStudioVersion = 17.10.35013.160
MinimumVisualStudioVersion = 10.0.40219.1
Project("{FAE04EC0-301F-11D3-BF4B-00C04F79EFBC}") = "ToDoApp-MedaitR", "ToDoApp-MedaitR\ToDoApp-MedaitR.csproj", "{95D2CBCF-5B99-4349-8405-0489DBC4C799}"
EndProject
Global
	GlobalSection(SolutionConfigurationPlatforms) = preSolution
		Debug|Any CPU = Debug|Any CPU
		Release|Any CPU = Release|Any CPU
	EndGlobalSection
	GlobalSection(ProjectConfigurationPlatforms) = postSolution
		{95D2CBCF-5B99-4349-8405-0489DBC4C799}.Debug|Any CPU.ActiveCfg = Debug|Any CPU
		{95D2CBCF-5B99-4349-8405-0489DBC4C799}.Debug|Any CPU.Build.0 = Debug|Any CPU
		{95D2CBCF-5B99-4349-8405-0489DBC4C799}.Release|Any CPU.ActiveCfg = Release|Any CPU
		{95D2CBCF-5B99-4349-8405-0489DBC4C799}.Release|Any CPU.Build.0 = Release|Any CPU
	EndGlobalSection
	GlobalSection(SolutionProperties) = preSolution
		HideSolutionNode = FALSE
	EndGlobalSection
	GlobalSection(ExtensibilityGlobals) = postSolution
		SolutionGuid = {EB208655-BDE2-40E4-A7B4-52E015AC6928}
	EndGlobalSection
EndGlobal
